
Microsoft Visual Studio Solution File, Format Version 9.00
# Visual Studio 2005
Project("{8BC9CEB8-8B4A-11D0-8D11-00A0C91BC942}") = "sgl++sample", "sgl++sample.vcproj", "{597E5171-237F-467E-8055-8259FF945042}"
EndProject
Global
	GlobalSection(SolutionConfigurationPlatforms) = preSolution
		Debug|Win32 = Debug|Win32
		Release|Win32 = Release|Win32
	EndGlobalSection
	GlobalSection(ProjectConfigurationPlatforms) = postSolution
		{597E5171-237F-467E-8055-8259FF945042}.Debug|Win32.ActiveCfg = Debug|Win32
		{597E5171-237F-467E-8055-8259FF945042}.Debug|Win32.Build.0 = Debug|Win32
		{597E5171-237F-467E-8055-8259FF945042}.Release|Win32.ActiveCfg = Release|Win32
		{597E5171-237F-467E-8055-8259FF945042}.Release|Win32.Build.0 = Release|Win32
	EndGlobalSection
	GlobalSection(SolutionProperties) = preSolution
		HideSolutionNode = FALSE
	EndGlobalSection
EndGlobal
